{
    "version": 3,
    "terraform_version": "0.11.11",
    "serial": 103,
    "lineage": "b9f73a4a-6d4f-7157-c887-9e0f00bc45e5",
    "modules": [
        {
            "path": [
                "root"
            ],
            "outputs": {
                "efs_dns": {
                    "sensitive": false,
                    "type": "string",
                    "value": "fs-c59efc25.efs.us-east-1.amazonaws.com"
                },
                "efs_id": {
                    "sensitive": false,
                    "type": "string",
                    "value": "fs-c59efc25"
                },
                "lb_dns": {
                    "sensitive": false,
                    "type": "string",
                    "value": "test-lb-tf-1089320586.us-east-1.elb.amazonaws.com"
                },
                "load_balancer_arn": {
                    "sensitive": false,
                    "type": "string",
                    "value": "arn:aws:elasticloadbalancing:us-east-1:185799809509:loadbalancer/app/test-lb-tf/91a5e46ad042222a"
                }
            },
            "resources": {
                "aws_efs_file_system.web": {
                    "type": "aws_efs_file_system",
                    "depends_on": [],
                    "primary": {
                        "id": "fs-c59efc25",
                        "attributes": {
                            "arn": "arn:aws:elasticfilesystem:us-east-1:185799809509:file-system/fs-c59efc25",
                            "creation_token": "my-product",
                            "dns_name": "fs-c59efc25.efs.us-east-1.amazonaws.com",
                            "encrypted": "false",
                            "id": "fs-c59efc25",
                            "kms_key_id": "",
                            "performance_mode": "generalPurpose",
                            "provisioned_throughput_in_mibps": "0",
                            "tags.%": "1",
                            "tags.Name": "myweb",
                            "throughput_mode": "bursting"
                        },
                        "meta": {},
                        "tainted": false
                    },
                    "deposed": [],
                    "provider": "provider.aws"
                },
                "aws_efs_mount_target.alpha": {
                    "type": "aws_efs_mount_target",
                    "depends_on": [
                        "aws_efs_file_system.web",
                        "aws_security_group.sg_webserver1",
                        "aws_subnet.public.*"
                    ],
                    "primary": {
                        "id": "fsmt-c669e427",
                        "attributes": {
                            "dns_name": "fs-c59efc25.efs.us-east-1.amazonaws.com",
                            "file_system_arn": "arn:aws:elasticfilesystem:us-east-1:185799809509:file-system/fs-c59efc25",
                            "file_system_id": "fs-c59efc25",
                            "id": "fsmt-c669e427",
                            "ip_address": "10.0.1.174",
                            "network_interface_id": "eni-042bab9b5b40de96d",
                            "security_groups.#": "1",
                            "security_groups.887758494": "sg-084a050a56ea5fde7",
                            "subnet_id": "subnet-0bcb1d55d026fc009"
                        },
                        "meta": {},
                        "tainted": false
                    },
                    "deposed": [],
                    "provider": "provider.aws"
                },
                "aws_instance.webserver1": {
                    "type": "aws_instance",
                    "depends_on": [
                        "aws_internet_gateway.gw",
                        "aws_security_group.sg_webserver1",
                        "aws_subnet.public.*"
                    ],
                    "primary": {
                        "id": "i-03a6dbfded60f5bcd",
                        "attributes": {
                            "ami": "ami-07b7a0b24befd05fa",
                            "arn": "arn:aws:ec2:us-east-1:185799809509:instance/i-03a6dbfded60f5bcd",
                            "associate_public_ip_address": "true",
                            "availability_zone": "us-east-1a",
                            "cpu_core_count": "1",
                            "cpu_threads_per_core": "1",
                            "credit_specification.#": "1",
                            "credit_specification.0.cpu_credits": "standard",
                            "disable_api_termination": "false",
                            "ebs_block_device.#": "0",
                            "ebs_optimized": "false",
                            "ephemeral_block_device.#": "0",
                            "get_password_data": "false",
                            "iam_instance_profile": "",
                            "id": "i-03a6dbfded60f5bcd",
                            "instance_state": "running",
                            "instance_type": "t2.micro",
                            "ipv6_addresses.#": "0",
                            "key_name": "testing",
                            "monitoring": "false",
                            "network_interface.#": "0",
                            "password_data": "",
                            "placement_group": "",
                            "primary_network_interface_id": "eni-0282d07a81b93f16e",
                            "private_dns": "ip-10-0-1-90.ec2.internal",
                            "private_ip": "10.0.1.90",
                            "public_dns": "ec2-18-215-184-174.compute-1.amazonaws.com",
                            "public_ip": "18.215.184.174",
                            "root_block_device.#": "1",
                            "root_block_device.0.delete_on_termination": "true",
                            "root_block_device.0.iops": "100",
                            "root_block_device.0.volume_id": "vol-0da301972bd167d46",
                            "root_block_device.0.volume_size": "8",
                            "root_block_device.0.volume_type": "gp2",
                            "security_groups.#": "0",
                            "source_dest_check": "true",
                            "subnet_id": "subnet-0bcb1d55d026fc009",
                            "tags.%": "1",
                            "tags.Name": "webserver1",
                            "tenancy": "default",
                            "volume_tags.%": "0",
                            "vpc_security_group_ids.#": "1",
                            "vpc_security_group_ids.887758494": "sg-084a050a56ea5fde7"
                        },
                        "meta": {
                            "e2bfb730-ecaa-11e6-8f88-34363bc7c4c0": {
                                "create": 600000000000,
                                "delete": 1200000000000,
                                "update": 600000000000
                            },
                            "schema_version": "1"
                        },
                        "tainted": false
                    },
                    "deposed": [],
                    "provider": "provider.aws"
                },
                "aws_internet_gateway.gw": {
                    "type": "aws_internet_gateway",
                    "depends_on": [
                        "aws_vpc.dev"
                    ],
                    "primary": {
                        "id": "igw-06da8daef4d71fe55",
                        "attributes": {
                            "id": "igw-06da8daef4d71fe55",
                            "owner_id": "185799809509",
                            "tags.%": "1",
                            "tags.Name": "dev",
                            "vpc_id": "vpc-090c121c876911b22"
                        },
                        "meta": {},
                        "tainted": false
                    },
                    "deposed": [],
                    "provider": "provider.aws"
                },
                "aws_launch_configuration.launch_webserver_ami": {
                    "type": "aws_launch_configuration",
                    "depends_on": [
                        "aws_security_group.sg_webserver1"
                    ],
                    "primary": {
                        "id": "webserver_as",
                        "attributes": {
                            "associate_public_ip_address": "false",
                            "ebs_block_device.#": "0",
                            "ebs_optimized": "false",
                            "enable_monitoring": "true",
                            "ephemeral_block_device.#": "0",
                            "iam_instance_profile": "",
                            "id": "webserver_as",
                            "image_id": "ami-07b7a0b24befd05fa",
                            "instance_type": "t2.micro",
                            "key_name": "",
                            "name": "webserver_as",
                            "root_block_device.#": "0",
                            "security_groups.#": "1",
                            "security_groups.887758494": "sg-084a050a56ea5fde7",
                            "spot_price": "",
                            "vpc_classic_link_id": "",
                            "vpc_classic_link_security_groups.#": "0"
                        },
                        "meta": {},
                        "tainted": false
                    },
                    "deposed": [],
                    "provider": "provider.aws"
                },
                "aws_lb.test": {
                    "type": "aws_lb",
                    "depends_on": [
                        "aws_security_group.sg_webserver1",
                        "aws_subnet.public.*"
                    ],
                    "primary": {
                        "id": "arn:aws:elasticloadbalancing:us-east-1:185799809509:loadbalancer/app/test-lb-tf/91a5e46ad042222a",
                        "attributes": {
                            "access_logs.#": "0",
                            "arn": "arn:aws:elasticloadbalancing:us-east-1:185799809509:loadbalancer/app/test-lb-tf/91a5e46ad042222a",
                            "arn_suffix": "app/test-lb-tf/91a5e46ad042222a",
                            "dns_name": "test-lb-tf-1089320586.us-east-1.elb.amazonaws.com",
                            "enable_deletion_protection": "false",
                            "enable_http2": "true",
                            "id": "arn:aws:elasticloadbalancing:us-east-1:185799809509:loadbalancer/app/test-lb-tf/91a5e46ad042222a",
                            "idle_timeout": "60",
                            "internal": "false",
                            "ip_address_type": "ipv4",
                            "load_balancer_type": "application",
                            "name": "test-lb-tf",
                            "security_groups.#": "1",
                            "security_groups.887758494": "sg-084a050a56ea5fde7",
                            "subnet_mapping.#": "0",
                            "subnets.#": "2",
                            "subnets.1267064766": "subnet-0bcb1d55d026fc009",
                            "subnets.2215430552": "subnet-0af677dfc695e929b",
                            "tags.%": "1",
                            "tags.Environment": "production",
                            "vpc_id": "vpc-090c121c876911b22",
                            "zone_id": "Z35SXDOTRQ7X7K"
                        },
                        "meta": {
                            "e2bfb730-ecaa-11e6-8f88-34363bc7c4c0": {
                                "create": 600000000000,
                                "delete": 600000000000,
                                "update": 600000000000
                            }
                        },
                        "tainted": false
                    },
                    "deposed": [],
                    "provider": "provider.aws"
                },
                "aws_lb_listener.front_end": {
                    "type": "aws_lb_listener",
                    "depends_on": [
                        "aws_lb.test",
                        "aws_lb_target_group.webserver_target"
                    ],
                    "primary": {
                        "id": "arn:aws:elasticloadbalancing:us-east-1:185799809509:listener/app/test-lb-tf/91a5e46ad042222a/1f08745f920a52b4",
                        "attributes": {
                            "arn": "arn:aws:elasticloadbalancing:us-east-1:185799809509:listener/app/test-lb-tf/91a5e46ad042222a/1f08745f920a52b4",
                            "default_action.#": "1",
                            "default_action.0.authenticate_cognito.#": "0",
                            "default_action.0.authenticate_oidc.#": "0",
                            "default_action.0.fixed_response.#": "0",
                            "default_action.0.order": "1",
                            "default_action.0.redirect.#": "0",
                            "default_action.0.target_group_arn": "arn:aws:elasticloadbalancing:us-east-1:185799809509:targetgroup/tf-20190309110145789400000001/68427f1402134feb",
                            "default_action.0.type": "forward",
                            "id": "arn:aws:elasticloadbalancing:us-east-1:185799809509:listener/app/test-lb-tf/91a5e46ad042222a/1f08745f920a52b4",
                            "load_balancer_arn": "arn:aws:elasticloadbalancing:us-east-1:185799809509:loadbalancer/app/test-lb-tf/91a5e46ad042222a",
                            "port": "8080",
                            "protocol": "HTTP",
                            "ssl_policy": ""
                        },
                        "meta": {
                            "e2bfb730-ecaa-11e6-8f88-34363bc7c4c0": {
                                "read": 600000000000
                            }
                        },
                        "tainted": false
                    },
                    "deposed": [],
                    "provider": "provider.aws"
                },
                "aws_lb_target_group.webserver_target": {
                    "type": "aws_lb_target_group",
                    "depends_on": [
                        "aws_vpc.dev"
                    ],
                    "primary": {
                        "id": "arn:aws:elasticloadbalancing:us-east-1:185799809509:targetgroup/tf-20190309110145789400000001/68427f1402134feb",
                        "attributes": {
                            "arn": "arn:aws:elasticloadbalancing:us-east-1:185799809509:targetgroup/tf-20190309110145789400000001/68427f1402134feb",
                            "arn_suffix": "targetgroup/tf-20190309110145789400000001/68427f1402134feb",
                            "deregistration_delay": "300",
                            "health_check.#": "1",
                            "health_check.0.healthy_threshold": "5",
                            "health_check.0.interval": "30",
                            "health_check.0.matcher": "200",
                            "health_check.0.path": "/",
                            "health_check.0.port": "traffic-port",
                            "health_check.0.protocol": "HTTP",
                            "health_check.0.timeout": "5",
                            "health_check.0.unhealthy_threshold": "2",
                            "id": "arn:aws:elasticloadbalancing:us-east-1:185799809509:targetgroup/tf-20190309110145789400000001/68427f1402134feb",
                            "name": "tf-20190309110145789400000001",
                            "port": "8080",
                            "protocol": "HTTP",
                            "proxy_protocol_v2": "false",
                            "slow_start": "0",
                            "stickiness.#": "1",
                            "stickiness.0.cookie_duration": "86400",
                            "stickiness.0.enabled": "false",
                            "stickiness.0.type": "lb_cookie",
                            "tags.%": "0",
                            "target_type": "instance",
                            "vpc_id": "vpc-090c121c876911b22"
                        },
                        "meta": {},
                        "tainted": false
                    },
                    "deposed": [],
                    "provider": "provider.aws"
                },
                "aws_lb_target_group_attachment.test": {
                    "type": "aws_lb_target_group_attachment",
                    "depends_on": [
                        "aws_instance.webserver1",
                        "aws_lb_target_group.webserver_target"
                    ],
                    "primary": {
                        "id": "arn:aws:elasticloadbalancing:us-east-1:185799809509:targetgroup/tf-20190309110145789400000001/68427f1402134feb-20190309110242519400000002",
                        "attributes": {
                            "id": "arn:aws:elasticloadbalancing:us-east-1:185799809509:targetgroup/tf-20190309110145789400000001/68427f1402134feb-20190309110242519400000002",
                            "port": "8080",
                            "target_group_arn": "arn:aws:elasticloadbalancing:us-east-1:185799809509:targetgroup/tf-20190309110145789400000001/68427f1402134feb",
                            "target_id": "i-03a6dbfded60f5bcd"
                        },
                        "meta": {},
                        "tainted": false
                    },
                    "deposed": [],
                    "provider": "provider.aws"
                },
                "aws_route_table.pub_route": {
                    "type": "aws_route_table",
                    "depends_on": [
                        "aws_internet_gateway.gw",
                        "aws_vpc.dev"
                    ],
                    "primary": {
                        "id": "rtb-0baae892cc99c9aa6",
                        "attributes": {
                            "id": "rtb-0baae892cc99c9aa6",
                            "owner_id": "185799809509",
                            "propagating_vgws.#": "0",
                            "route.#": "1",
                            "route.555370458.cidr_block": "0.0.0.0/0",
                            "route.555370458.egress_only_gateway_id": "",
                            "route.555370458.gateway_id": "igw-06da8daef4d71fe55",
                            "route.555370458.instance_id": "",
                            "route.555370458.ipv6_cidr_block": "",
                            "route.555370458.nat_gateway_id": "",
                            "route.555370458.network_interface_id": "",
                            "route.555370458.transit_gateway_id": "",
                            "route.555370458.vpc_peering_connection_id": "",
                            "tags.%": "1",
                            "tags.Name": "pub_route",
                            "vpc_id": "vpc-090c121c876911b22"
                        },
                        "meta": {},
                        "tainted": false
                    },
                    "deposed": [],
                    "provider": "provider.aws"
                },
                "aws_route_table_association.public_subnets.0": {
                    "type": "aws_route_table_association",
                    "depends_on": [
                        "aws_route_table.pub_route",
                        "aws_subnet.public.*"
                    ],
                    "primary": {
                        "id": "rtbassoc-09b1615d9d3816281",
                        "attributes": {
                            "id": "rtbassoc-09b1615d9d3816281",
                            "route_table_id": "rtb-0baae892cc99c9aa6",
                            "subnet_id": "subnet-0bcb1d55d026fc009"
                        },
                        "meta": {},
                        "tainted": false
                    },
                    "deposed": [],
                    "provider": "provider.aws"
                },
                "aws_route_table_association.public_subnets.1": {
                    "type": "aws_route_table_association",
                    "depends_on": [
                        "aws_route_table.pub_route",
                        "aws_subnet.public.*"
                    ],
                    "primary": {
                        "id": "rtbassoc-0b2b3112decb91965",
                        "attributes": {
                            "id": "rtbassoc-0b2b3112decb91965",
                            "route_table_id": "rtb-0baae892cc99c9aa6",
                            "subnet_id": "subnet-0af677dfc695e929b"
                        },
                        "meta": {},
                        "tainted": false
                    },
                    "deposed": [],
                    "provider": "provider.aws"
                },
                "aws_security_group.sg_webserver1": {
                    "type": "aws_security_group",
                    "depends_on": [
                        "aws_vpc.dev"
                    ],
                    "primary": {
                        "id": "sg-084a050a56ea5fde7",
                        "attributes": {
                            "arn": "arn:aws:ec2:us-east-1:185799809509:security-group/sg-084a050a56ea5fde7",
                            "description": "Managed by Terraform",
                            "egress.#": "1",
                            "egress.482069346.cidr_blocks.#": "1",
                            "egress.482069346.cidr_blocks.0": "0.0.0.0/0",
                            "egress.482069346.description": "",
                            "egress.482069346.from_port": "0",
                            "egress.482069346.ipv6_cidr_blocks.#": "0",
                            "egress.482069346.prefix_list_ids.#": "0",
                            "egress.482069346.protocol": "-1",
                            "egress.482069346.security_groups.#": "0",
                            "egress.482069346.self": "false",
                            "egress.482069346.to_port": "0",
                            "id": "sg-084a050a56ea5fde7",
                            "ingress.#": "3",
                            "ingress.2214680975.cidr_blocks.#": "1",
                            "ingress.2214680975.cidr_blocks.0": "0.0.0.0/0",
                            "ingress.2214680975.description": "",
                            "ingress.2214680975.from_port": "80",
                            "ingress.2214680975.ipv6_cidr_blocks.#": "0",
                            "ingress.2214680975.prefix_list_ids.#": "0",
                            "ingress.2214680975.protocol": "tcp",
                            "ingress.2214680975.security_groups.#": "0",
                            "ingress.2214680975.self": "false",
                            "ingress.2214680975.to_port": "80",
                            "ingress.2541437006.cidr_blocks.#": "1",
                            "ingress.2541437006.cidr_blocks.0": "0.0.0.0/0",
                            "ingress.2541437006.description": "",
                            "ingress.2541437006.from_port": "22",
                            "ingress.2541437006.ipv6_cidr_blocks.#": "0",
                            "ingress.2541437006.prefix_list_ids.#": "0",
                            "ingress.2541437006.protocol": "tcp",
                            "ingress.2541437006.security_groups.#": "0",
                            "ingress.2541437006.self": "false",
                            "ingress.2541437006.to_port": "22",
                            "ingress.482069346.cidr_blocks.#": "1",
                            "ingress.482069346.cidr_blocks.0": "0.0.0.0/0",
                            "ingress.482069346.description": "",
                            "ingress.482069346.from_port": "0",
                            "ingress.482069346.ipv6_cidr_blocks.#": "0",
                            "ingress.482069346.prefix_list_ids.#": "0",
                            "ingress.482069346.protocol": "-1",
                            "ingress.482069346.security_groups.#": "0",
                            "ingress.482069346.self": "false",
                            "ingress.482069346.to_port": "0",
                            "name": "Allow http port",
                            "owner_id": "185799809509",
                            "revoke_rules_on_delete": "false",
                            "tags.%": "0",
                            "vpc_id": "vpc-090c121c876911b22"
                        },
                        "meta": {
                            "e2bfb730-ecaa-11e6-8f88-34363bc7c4c0": {
                                "create": 600000000000,
                                "delete": 600000000000
                            },
                            "schema_version": "1"
                        },
                        "tainted": false
                    },
                    "deposed": [],
                    "provider": "provider.aws"
                },
                "aws_subnet.public.0": {
                    "type": "aws_subnet",
                    "depends_on": [
                        "aws_vpc.dev"
                    ],
                    "primary": {
                        "id": "subnet-0bcb1d55d026fc009",
                        "attributes": {
                            "arn": "arn:aws:ec2:us-east-1:185799809509:subnet/subnet-0bcb1d55d026fc009",
                            "assign_ipv6_address_on_creation": "false",
                            "availability_zone": "us-east-1a",
                            "availability_zone_id": "use1-az1",
                            "cidr_block": "10.0.1.0/24",
                            "id": "subnet-0bcb1d55d026fc009",
                            "ipv6_cidr_block": "",
                            "ipv6_cidr_block_association_id": "",
                            "map_public_ip_on_launch": "true",
                            "owner_id": "185799809509",
                            "tags.%": "1",
                            "tags.Name": "pub_sub-1",
                            "vpc_id": "vpc-090c121c876911b22"
                        },
                        "meta": {
                            "e2bfb730-ecaa-11e6-8f88-34363bc7c4c0": {
                                "create": 600000000000,
                                "delete": 600000000000
                            },
                            "schema_version": "1"
                        },
                        "tainted": false
                    },
                    "deposed": [],
                    "provider": "provider.aws"
                },
                "aws_subnet.public.1": {
                    "type": "aws_subnet",
                    "depends_on": [
                        "aws_vpc.dev"
                    ],
                    "primary": {
                        "id": "subnet-0af677dfc695e929b",
                        "attributes": {
                            "arn": "arn:aws:ec2:us-east-1:185799809509:subnet/subnet-0af677dfc695e929b",
                            "assign_ipv6_address_on_creation": "false",
                            "availability_zone": "us-east-1b",
                            "availability_zone_id": "use1-az2",
                            "cidr_block": "10.0.2.0/24",
                            "id": "subnet-0af677dfc695e929b",
                            "ipv6_cidr_block": "",
                            "ipv6_cidr_block_association_id": "",
                            "map_public_ip_on_launch": "true",
                            "owner_id": "185799809509",
                            "tags.%": "1",
                            "tags.Name": "pub_sub-2",
                            "vpc_id": "vpc-090c121c876911b22"
                        },
                        "meta": {
                            "e2bfb730-ecaa-11e6-8f88-34363bc7c4c0": {
                                "create": 600000000000,
                                "delete": 600000000000
                            },
                            "schema_version": "1"
                        },
                        "tainted": false
                    },
                    "deposed": [],
                    "provider": "provider.aws"
                },
                "aws_vpc.dev": {
                    "type": "aws_vpc",
                    "depends_on": [],
                    "primary": {
                        "id": "vpc-090c121c876911b22",
                        "attributes": {
                            "arn": "arn:aws:ec2:us-east-1:185799809509:vpc/vpc-090c121c876911b22",
                            "assign_generated_ipv6_cidr_block": "false",
                            "cidr_block": "10.0.0.0/16",
                            "default_network_acl_id": "acl-01e23e7270c38226a",
                            "default_route_table_id": "rtb-0c9aac6cc825f5f6b",
                            "default_security_group_id": "sg-0186a294dc9ae99ee",
                            "dhcp_options_id": "dopt-8897ccf3",
                            "enable_classiclink": "false",
                            "enable_classiclink_dns_support": "false",
                            "enable_dns_hostnames": "true",
                            "enable_dns_support": "true",
                            "id": "vpc-090c121c876911b22",
                            "instance_tenancy": "default",
                            "ipv6_association_id": "",
                            "ipv6_cidr_block": "",
                            "main_route_table_id": "rtb-0c9aac6cc825f5f6b",
                            "owner_id": "185799809509",
                            "tags.%": "1",
                            "tags.Name": "dev_vpc"
                        },
                        "meta": {
                            "schema_version": "1"
                        },
                        "tainted": false
                    },
                    "deposed": [],
                    "provider": "provider.aws"
                }
            },
            "depends_on": []
        }
    ]
}
